
Microsoft Visual Studio Solution File, Format Version 12.00
# Visual Studio Version 16
VisualStudioVersion = 16.0.28917.181
MinimumVisualStudioVersion = 10.0.40219.1
Project("{FAE04EC0-301F-11D3-BF4B-00C04F79EFBC}") = "AlifQuotesAPI", "AlifQuotesAPI\AlifQuotesAPI.csproj", "{14E06A32-DF3A-4FDB-8441-7E17FE114E39}"
EndProject
Global
	GlobalSection(SolutionConfigurationPlatforms) = preSolution
		Debug|Any CPU = Debug|Any CPU
		Release|Any CPU = Release|Any CPU
	EndGlobalSection
	GlobalSection(ProjectConfigurationPlatforms) = postSolution
		{14E06A32-DF3A-4FDB-8441-7E17FE114E39}.Debug|Any CPU.ActiveCfg = Debug|Any CPU
		{14E06A32-DF3A-4FDB-8441-7E17FE114E39}.Debug|Any CPU.Build.0 = Debug|Any CPU
		{14E06A32-DF3A-4FDB-8441-7E17FE114E39}.Release|Any CPU.ActiveCfg = Release|Any CPU
		{14E06A32-DF3A-4FDB-8441-7E17FE114E39}.Release|Any CPU.Build.0 = Release|Any CPU
	EndGlobalSection
	GlobalSection(SolutionProperties) = preSolution
		HideSolutionNode = FALSE
	EndGlobalSection
	GlobalSection(ExtensibilityGlobals) = postSolution
		SolutionGuid = {BCED6E29-BF3F-4A02-B1A9-A894C64B741B}
	EndGlobalSection
EndGlobal
