
Microsoft Visual Studio Solution File, Format Version 12.00
# Visual Studio Version 16
VisualStudioVersion = 16.0.28917.181
MinimumVisualStudioVersion = 10.0.40219.1
Project("{9A19103F-16F7-4668-BE54-9A1E7A4F7556}") = "QuotesAPI", "QuotesAPI\QuotesAPI.csproj", "{14E06A32-DF3A-4FDB-8441-7E17FE114E39}"
EndProject
Project("{9A19103F-16F7-4668-BE54-9A1E7A4F7556}") = "QuotesWS", "QuoteWS\QuotesWS.csproj", "{7560CD55-7AA7-4F9C-86DC-02F7F7C74EAE}"
EndProject
Global
	GlobalSection(SolutionConfigurationPlatforms) = preSolution
		Debug|Any CPU = Debug|Any CPU
		Release|Any CPU = Release|Any CPU
	EndGlobalSection
	GlobalSection(ProjectConfigurationPlatforms) = postSolution
		{14E06A32-DF3A-4FDB-8441-7E17FE114E39}.Debug|Any CPU.ActiveCfg = Debug|Any CPU
		{14E06A32-DF3A-4FDB-8441-7E17FE114E39}.Debug|Any CPU.Build.0 = Debug|Any CPU
		{14E06A32-DF3A-4FDB-8441-7E17FE114E39}.Release|Any CPU.ActiveCfg = Release|Any CPU
		{14E06A32-DF3A-4FDB-8441-7E17FE114E39}.Release|Any CPU.Build.0 = Release|Any CPU
		{7560CD55-7AA7-4F9C-86DC-02F7F7C74EAE}.Debug|Any CPU.ActiveCfg = Debug|Any CPU
		{7560CD55-7AA7-4F9C-86DC-02F7F7C74EAE}.Debug|Any CPU.Build.0 = Debug|Any CPU
		{7560CD55-7AA7-4F9C-86DC-02F7F7C74EAE}.Release|Any CPU.ActiveCfg = Release|Any CPU
		{7560CD55-7AA7-4F9C-86DC-02F7F7C74EAE}.Release|Any CPU.Build.0 = Release|Any CPU
	EndGlobalSection
	GlobalSection(SolutionProperties) = preSolution
		HideSolutionNode = FALSE
	EndGlobalSection
	GlobalSection(ExtensibilityGlobals) = postSolution
		SolutionGuid = {BCED6E29-BF3F-4A02-B1A9-A894C64B741B}
	EndGlobalSection
EndGlobal
